<?xml version="1.0" encoding="utf-8"?>
<Project ToolsVersion="4.0" xmlns="http://schemas.microsoft.com/developer/msbuild/2003">
  <ItemGroup>
    <Filter Include="sates">
      <UniqueIdentifier>{21d4707b-a480-435c-9471-943b4ed7bb74}</UniqueIdentifier>
    </Filter>
    <Filter Include="sates\os">
      <UniqueIdentifier>{07e7dc0d-0a61-43e5-a4ed-1f59ed3302f0}</UniqueIdentifier>
    </Filter>
    <Filter Include="sates\os\win">
      <UniqueIdentifier>{49b0d142-0aa9-40cc-a32e-3852c55a99c9}</UniqueIdentifier>
    </Filter>
    <Filter Include="sates\internal_use">
      <UniqueIdentifier>{cd072446-7a84-446d-bccc-8cd533b62988}</UniqueIdentifier>
    </Filter>
  </ItemGroup>
  <ItemGroup>
    <ClInclude Include="sates\os\signal_handler.h">
      <Filter>sates\os</Filter>
    </ClInclude>
    <ClInclude Include="sates\os\sleep.h">
      <Filter>sates\os</Filter>
    </ClInclude>
    <ClInclude Include="sates\os\stdout_color.h">
      <Filter>sates\os</Filter>
    </ClInclude>
    <ClInclude Include="sates\os\thread.h">
      <Filter>sates\os</Filter>
    </ClInclude>
    <ClInclude Include="sates\os\constant.h">
      <Filter>sates\os</Filter>
    </ClInclude>
    <ClInclude Include="sates\os\exec.h">
      <Filter>sates\os</Filter>
    </ClInclude>
    <ClInclude Include="sates\os\exec_cmdline.h">
      <Filter>sates\os</Filter>
    </ClInclude>
    <ClInclude Include="sates\os\mutex.h">
      <Filter>sates\os</Filter>
    </ClInclude>
    <ClInclude Include="sates\sates_test_cpp.h">
      <Filter>sates</Filter>
    </ClInclude>
    <ClInclude Include="sates\test_macro.h">
      <Filter>sates</Filter>
    </ClInclude>
    <ClInclude Include="sates\define.h">
      <Filter>sates</Filter>
    </ClInclude>
    <ClInclude Include="sates\sates_test_cpp_deploy.h">
      <Filter>sates</Filter>
    </ClInclude>
    <ClInclude Include="sates\internal_use\test_list_editor.h">
      <Filter>sates\internal_use</Filter>
    </ClInclude>
    <ClInclude Include="sates\internal_use\test_runner.h">
      <Filter>sates\internal_use</Filter>
    </ClInclude>
    <ClInclude Include="sates\internal_use\common_func.h">
      <Filter>sates\internal_use</Filter>
    </ClInclude>
    <ClInclude Include="sates\internal_use\test_log.h">
      <Filter>sates\internal_use</Filter>
    </ClInclude>
    <ClInclude Include="sates\os\tcp_client.h">
      <Filter>sates\os</Filter>
    </ClInclude>
    <ClInclude Include="sates\testcode_list.h">
      <Filter>sates</Filter>
    </ClInclude>
    <ClInclude Include="sates\testcode.h">
      <Filter>sates</Filter>
    </ClInclude>
  </ItemGroup>
  <ItemGroup>
    <ClCompile Include="sates\os\signal_handler_common.cpp">
      <Filter>sates\os</Filter>
    </ClCompile>
    <ClCompile Include="sates\os\exec_cmdline.cpp">
      <Filter>sates\os</Filter>
    </ClCompile>
    <ClCompile Include="sates\os\win\signal_handler.cpp">
      <Filter>sates\os\win</Filter>
    </ClCompile>
    <ClCompile Include="sates\os\win\sleep.cpp">
      <Filter>sates\os\win</Filter>
    </ClCompile>
    <ClCompile Include="sates\os\win\stdout_color.cpp">
      <Filter>sates\os\win</Filter>
    </ClCompile>
    <ClCompile Include="sates\os\win\thread.cpp">
      <Filter>sates\os\win</Filter>
    </ClCompile>
    <ClCompile Include="sates\os\win\exec.cpp">
      <Filter>sates\os\win</Filter>
    </ClCompile>
    <ClCompile Include="sates\os\win\mutex.cpp">
      <Filter>sates\os\win</Filter>
    </ClCompile>
    <ClCompile Include="main.cpp" />
    <ClCompile Include="sates\sates_test_cpp_deploy.cpp">
      <Filter>sates</Filter>
    </ClCompile>
    <ClCompile Include="sates\internal_use\test_list_editor.cpp">
      <Filter>sates\internal_use</Filter>
    </ClCompile>
    <ClCompile Include="sates\internal_use\test_runner.cpp">
      <Filter>sates\internal_use</Filter>
    </ClCompile>
    <ClCompile Include="sates\internal_use\common_func.cpp">
      <Filter>sates\internal_use</Filter>
    </ClCompile>
    <ClCompile Include="sates\internal_use\test_log.cpp">
      <Filter>sates\internal_use</Filter>
    </ClCompile>
    <ClCompile Include="sates\os\win\tcp_client.cpp">
      <Filter>sates\os\win</Filter>
    </ClCompile>
    <ClCompile Include="sates\testcode_list.cpp">
      <Filter>sates</Filter>
    </ClCompile>
    <ClCompile Include="sates\testcode.cpp">
      <Filter>sates</Filter>
    </ClCompile>
  </ItemGroup>
</Project>