
Microsoft Visual Studio Solution File, Format Version 12.00
# Visual Studio 15
VisualStudioVersion = 15.0.27703.2042
MinimumVisualStudioVersion = 10.0.40219.1
Project("{9A19103F-16F7-4668-BE54-9A1E7A4F7556}") = "sates_core", "sates_core\sates_core.csproj", "{22BFE52B-6BC2-40C0-8224-5FC7ABE1B10C}"
EndProject
Project("{9A19103F-16F7-4668-BE54-9A1E7A4F7556}") = "sates_test_cs", "sates_test_cs\sates_test_cs.csproj", "{7B7BD594-0EEB-4BCD-B04C-54A366E45D06}"
EndProject
Project("{8BC9CEB8-8B4A-11D0-8D11-00A0C91BC942}") = "sates_test_cpp", "sates_test_cpp\sates_test_cpp.vcxproj", "{7DCFE4C7-88D4-4081-917A-CB43CC2258A0}"
EndProject
Project("{9A19103F-16F7-4668-BE54-9A1E7A4F7556}") = "test_sates_core", "test_sates_core\test_sates_core.csproj", "{C7D7F3EE-7B70-4228-9C75-0A8B75086511}"
EndProject
Global
	GlobalSection(SolutionConfigurationPlatforms) = preSolution
		Debug|Any CPU = Debug|Any CPU
		Debug|x64 = Debug|x64
		Debug|x86 = Debug|x86
		Release|Any CPU = Release|Any CPU
		Release|x64 = Release|x64
		Release|x86 = Release|x86
	EndGlobalSection
	GlobalSection(ProjectConfigurationPlatforms) = postSolution
		{22BFE52B-6BC2-40C0-8224-5FC7ABE1B10C}.Debug|Any CPU.ActiveCfg = Debug|Any CPU
		{22BFE52B-6BC2-40C0-8224-5FC7ABE1B10C}.Debug|Any CPU.Build.0 = Debug|Any CPU
		{22BFE52B-6BC2-40C0-8224-5FC7ABE1B10C}.Debug|x64.ActiveCfg = Debug|Any CPU
		{22BFE52B-6BC2-40C0-8224-5FC7ABE1B10C}.Debug|x64.Build.0 = Debug|Any CPU
		{22BFE52B-6BC2-40C0-8224-5FC7ABE1B10C}.Debug|x86.ActiveCfg = Debug|Any CPU
		{22BFE52B-6BC2-40C0-8224-5FC7ABE1B10C}.Debug|x86.Build.0 = Debug|Any CPU
		{22BFE52B-6BC2-40C0-8224-5FC7ABE1B10C}.Release|Any CPU.ActiveCfg = Release|Any CPU
		{22BFE52B-6BC2-40C0-8224-5FC7ABE1B10C}.Release|Any CPU.Build.0 = Release|Any CPU
		{22BFE52B-6BC2-40C0-8224-5FC7ABE1B10C}.Release|x64.ActiveCfg = Release|Any CPU
		{22BFE52B-6BC2-40C0-8224-5FC7ABE1B10C}.Release|x64.Build.0 = Release|Any CPU
		{22BFE52B-6BC2-40C0-8224-5FC7ABE1B10C}.Release|x86.ActiveCfg = Release|Any CPU
		{22BFE52B-6BC2-40C0-8224-5FC7ABE1B10C}.Release|x86.Build.0 = Release|Any CPU
		{7B7BD594-0EEB-4BCD-B04C-54A366E45D06}.Debug|Any CPU.ActiveCfg = Debug|Any CPU
		{7B7BD594-0EEB-4BCD-B04C-54A366E45D06}.Debug|Any CPU.Build.0 = Debug|Any CPU
		{7B7BD594-0EEB-4BCD-B04C-54A366E45D06}.Debug|x64.ActiveCfg = Debug|Any CPU
		{7B7BD594-0EEB-4BCD-B04C-54A366E45D06}.Debug|x64.Build.0 = Debug|Any CPU
		{7B7BD594-0EEB-4BCD-B04C-54A366E45D06}.Debug|x86.ActiveCfg = Debug|Any CPU
		{7B7BD594-0EEB-4BCD-B04C-54A366E45D06}.Debug|x86.Build.0 = Debug|Any CPU
		{7B7BD594-0EEB-4BCD-B04C-54A366E45D06}.Release|Any CPU.ActiveCfg = Release|Any CPU
		{7B7BD594-0EEB-4BCD-B04C-54A366E45D06}.Release|Any CPU.Build.0 = Release|Any CPU
		{7B7BD594-0EEB-4BCD-B04C-54A366E45D06}.Release|x64.ActiveCfg = Release|Any CPU
		{7B7BD594-0EEB-4BCD-B04C-54A366E45D06}.Release|x64.Build.0 = Release|Any CPU
		{7B7BD594-0EEB-4BCD-B04C-54A366E45D06}.Release|x86.ActiveCfg = Release|Any CPU
		{7B7BD594-0EEB-4BCD-B04C-54A366E45D06}.Release|x86.Build.0 = Release|Any CPU
		{7DCFE4C7-88D4-4081-917A-CB43CC2258A0}.Debug|Any CPU.ActiveCfg = Debug|Win32
		{7DCFE4C7-88D4-4081-917A-CB43CC2258A0}.Debug|x64.ActiveCfg = Debug|Win32
		{7DCFE4C7-88D4-4081-917A-CB43CC2258A0}.Debug|x86.ActiveCfg = Debug|Win32
		{7DCFE4C7-88D4-4081-917A-CB43CC2258A0}.Debug|x86.Build.0 = Debug|Win32
		{7DCFE4C7-88D4-4081-917A-CB43CC2258A0}.Release|Any CPU.ActiveCfg = Release|Win32
		{7DCFE4C7-88D4-4081-917A-CB43CC2258A0}.Release|x64.ActiveCfg = Release|Win32
		{7DCFE4C7-88D4-4081-917A-CB43CC2258A0}.Release|x86.ActiveCfg = Release|Win32
		{7DCFE4C7-88D4-4081-917A-CB43CC2258A0}.Release|x86.Build.0 = Release|Win32
		{C7D7F3EE-7B70-4228-9C75-0A8B75086511}.Debug|Any CPU.ActiveCfg = Debug|Any CPU
		{C7D7F3EE-7B70-4228-9C75-0A8B75086511}.Debug|Any CPU.Build.0 = Debug|Any CPU
		{C7D7F3EE-7B70-4228-9C75-0A8B75086511}.Debug|x64.ActiveCfg = Debug|Any CPU
		{C7D7F3EE-7B70-4228-9C75-0A8B75086511}.Debug|x64.Build.0 = Debug|Any CPU
		{C7D7F3EE-7B70-4228-9C75-0A8B75086511}.Debug|x86.ActiveCfg = Debug|Any CPU
		{C7D7F3EE-7B70-4228-9C75-0A8B75086511}.Debug|x86.Build.0 = Debug|Any CPU
		{C7D7F3EE-7B70-4228-9C75-0A8B75086511}.Release|Any CPU.ActiveCfg = Release|Any CPU
		{C7D7F3EE-7B70-4228-9C75-0A8B75086511}.Release|Any CPU.Build.0 = Release|Any CPU
		{C7D7F3EE-7B70-4228-9C75-0A8B75086511}.Release|x64.ActiveCfg = Release|Any CPU
		{C7D7F3EE-7B70-4228-9C75-0A8B75086511}.Release|x64.Build.0 = Release|Any CPU
		{C7D7F3EE-7B70-4228-9C75-0A8B75086511}.Release|x86.ActiveCfg = Release|Any CPU
		{C7D7F3EE-7B70-4228-9C75-0A8B75086511}.Release|x86.Build.0 = Release|Any CPU
	EndGlobalSection
	GlobalSection(SolutionProperties) = preSolution
		HideSolutionNode = FALSE
	EndGlobalSection
	GlobalSection(ExtensibilityGlobals) = postSolution
		SolutionGuid = {AD22EBC7-452C-4E6A-8AA8-F12D644CC738}
	EndGlobalSection
EndGlobal
